
Microsoft Visual Studio Solution File, Format Version 12.00
# Visual Studio 14
VisualStudioVersion = 14.0.25420.1
MinimumVisualStudioVersion = 10.0.40219.1
Project("{2150E333-8FDC-42A3-9474-1A3956D46DE8}") = "src", "src", "{19F767F3-A965-466B-A1B3-91068AD26807}"
EndProject
Project("{2150E333-8FDC-42A3-9474-1A3956D46DE8}") = "Solution Items", "Solution Items", "{8FB48F43-13EB-449A-8FDF-950D5F65AFF5}"
	ProjectSection(SolutionItems) = preProject
		global.json = global.json
	EndProjectSection
EndProject
Project("{8BB2217D-0F2D-49D1-97BC-3654ED321F3B}") = "TheGuide", "src\TheGuide\TheGuide.xproj", "{93C00FA9-0ACF-45AF-A80A-622D0FF76F41}"
EndProject
Global
	GlobalSection(SolutionConfigurationPlatforms) = preSolution
		Debug|Any CPU = Debug|Any CPU
		Release|Any CPU = Release|Any CPU
	EndGlobalSection
	GlobalSection(ProjectConfigurationPlatforms) = postSolution
		{93C00FA9-0ACF-45AF-A80A-622D0FF76F41}.Debug|Any CPU.ActiveCfg = Debug|Any CPU
		{93C00FA9-0ACF-45AF-A80A-622D0FF76F41}.Debug|Any CPU.Build.0 = Debug|Any CPU
		{93C00FA9-0ACF-45AF-A80A-622D0FF76F41}.Release|Any CPU.ActiveCfg = Release|Any CPU
		{93C00FA9-0ACF-45AF-A80A-622D0FF76F41}.Release|Any CPU.Build.0 = Release|Any CPU
	EndGlobalSection
	GlobalSection(SolutionProperties) = preSolution
		HideSolutionNode = FALSE
	EndGlobalSection
	GlobalSection(NestedProjects) = preSolution
		{93C00FA9-0ACF-45AF-A80A-622D0FF76F41} = {19F767F3-A965-466B-A1B3-91068AD26807}
	EndGlobalSection
EndGlobal
